// !$*UTF8*$!
{
	archiveVersion = 1;
	classes = {
	};
	objectVersion = 50;
	objects = {

/* Begin PBXBuildFile section */
		CEB6751B250F97AF0080AD02 /* AppDelegate.swift in Sources */ = {isa = PBXBuildFile; fileRef = CEB6751A250F97AF0080AD02 /* AppDelegate.swift */; };
		CEB6751D250F97AF0080AD02 /* SceneDelegate.swift in Sources */ = {isa = PBXBuildFile; fileRef = CEB6751C250F97AF0080AD02 /* SceneDelegate.swift */; };
		CEB6751F250F97AF0080AD02 /* ContentView.swift in Sources */ = {isa = PBXBuildFile; fileRef = CEB6751E250F97AF0080AD02 /* ContentView.swift */; };
		CEB67521250F97BA0080AD02 /* Assets.xcassets in Resources */ = {isa = PBXBuildFile; fileRef = CEB67520250F97BA0080AD02 /* Assets.xcassets */; };
		CEB67524250F97BA0080AD02 /* Preview Assets.xcassets in Resources */ = {isa = PBXBuildFile; fileRef = CEB67523250F97BA0080AD02 /* Preview Assets.xcassets */; };
		CEB67527250F97BA0080AD02 /* LaunchScreen.storyboard in Resources */ = {isa = PBXBuildFile; fileRef = CEB67525250F97BA0080AD02 /* LaunchScreen.storyboard */; };
		CEB67532250F97BB0080AD02 /* Swift01Tests.swift in Sources */ = {isa = PBXBuildFile; fileRef = CEB67531250F97BB0080AD02 /* Swift01Tests.swift */; };
		CEB6753D250F97BB0080AD02 /* Swift01UITests.swift in Sources */ = {isa = PBXBuildFile; fileRef = CEB6753C250F97BB0080AD02 /* Swift01UITests.swift */; };
/* End PBXBuildFile section */

/* Begin PBXContainerItemProxy section */
		CEB6752E250F97BB0080AD02 /* PBXContainerItemProxy */ = {
			isa = PBXContainerItemProxy;
			containerPortal = CEB6750F250F97AF0080AD02 /* Project object */;
			proxyType = 1;
			remoteGlobalIDString = CEB67516250F97AF0080AD02;
			remoteInfo = Swift01;
		};
		CEB67539250F97BB0080AD02 /* PBXContainerItemProxy */ = {
			isa = PBXContainerItemProxy;
			containerPortal = CEB6750F250F97AF0080AD02 /* Project object */;
			proxyType = 1;
			remoteGlobalIDString = CEB67516250F97AF0080AD02;
			remoteInfo = Swift01;
		};
/* End PBXContainerItemProxy section */

/* Begin PBXFileReference section */
		CEB67517250F97AF0080AD02 /* Swift01.app */ = {isa = PBXFileReference; explicitFileType = wrapper.application; includeInIndex = 0; path = Swift01.app; sourceTree = BUILT_PRODUCTS_DIR; };
		CEB6751A250F97AF0080AD02 /* AppDelegate.swift */ = {isa = PBXFileReference; lastKnownFileType = sourcecode.swift; path = AppDelegate.swift; sourceTree = "<group>"; };
		CEB6751C250F97AF0080AD02 /* SceneDelegate.swift */ = {isa = PBXFileReference; lastKnownFileType = sourcecode.swift; path = SceneDelegate.swift; sourceTree = "<group>"; };
		CEB6751E250F97AF0080AD02 /* ContentView.swift */ = {isa = PBXFileReference; lastKnownFileType = sourcecode.swift; path = ContentView.swift; sourceTree = "<group>"; };
		CEB67520250F97BA0080AD02 /* Assets.xcassets */ = {isa = PBXFileReference; lastKnownFileType = folder.assetcatalog; path = Assets.xcassets; sourceTree = "<group>"; };
		CEB67523250F97BA0080AD02 /* Preview Assets.xcassets */ = {isa = PBXFileReference; lastKnownFileType = folder.assetcatalog; path = "Preview Assets.xcassets"; sourceTree = "<group>"; };
		CEB67526250F97BA0080AD02 /* Base */ = {isa = PBXFileReference; lastKnownFileType = file.storyboard; name = Base; path = Base.lproj/LaunchScreen.storyboard; sourceTree = "<group>"; };
		CEB67528250F97BA0080AD02 /* Info.plist */ = {isa = PBXFileReference; lastKnownFileType = text.plist.xml; path = Info.plist; sourceTree = "<group>"; };
		CEB6752D250F97BB0080AD02 /* Swift01Tests.xctest */ = {isa = PBXFileReference; explicitFileType = wrapper.cfbundle; includeInIndex = 0; path = Swift01Tests.xctest; sourceTree = BUILT_PRODUCTS_DIR; };
		CEB67531250F97BB0080AD02 /* Swift01Tests.swift */ = {isa = PBXFileReference; lastKnownFileType = sourcecode.swift; path = Swift01Tests.swift; sourceTree = "<group>"; };
		CEB67533250F97BB0080AD02 /* Info.plist */ = {isa = PBXFileReference; lastKnownFileType = text.plist.xml; path = Info.plist; sourceTree = "<group>"; };
		CEB67538250F97BB0080AD02 /* Swift01UITests.xctest */ = {isa = PBXFileReference; explicitFileType = wrapper.cfbundle; includeInIndex = 0; path = Swift01UITests.xctest; sourceTree = BUILT_PRODUCTS_DIR; };
		CEB6753C250F97BB0080AD02 /* Swift01UITests.swift */ = {isa = PBXFileReference; lastKnownFileType = sourcecode.swift; path = Swift01UITests.swift; sourceTree = "<group>"; };
		CEB6753E250F97BB0080AD02 /* Info.plist */ = {isa = PBXFileReference; lastKnownFileType = text.plist.xml; path = Info.plist; sourceTree = "<group>"; };
/* End PBXFileReference section */

/* Begin PBXFrameworksBuildPhase section */
		CEB67514250F97AF0080AD02 /* Frameworks */ = {
			isa = PBXFrameworksBuildPhase;
			buildActionMask = 2147483647;
			files = (
			);
			runOnlyForDeploymentPostprocessing = 0;
		};
		CEB6752A250F97BB0080AD02 /* Frameworks */ = {
			isa = PBXFrameworksBuildPhase;
			buildActionMask = 2147483647;
			files = (
			);
			runOnlyForDeploymentPostprocessing = 0;
		};
		CEB67535250F97BB0080AD02 /* Frameworks */ = {
			isa = PBXFrameworksBuildPhase;
			buildActionMask = 2147483647;
			files = (
			);
			runOnlyForDeploymentPostprocessing = 0;
		};
/* End PBXFrameworksBuildPhase section */

/* Begin PBXGroup section */
		CEB6750E250F97AF0080AD02 = {
			isa = PBXGroup;
			children = (
				CEB67519250F97AF0080AD02 /* Swift01 */,
				CEB67530250F97BB0080AD02 /* Swift01Tests */,
				CEB6753B250F97BB0080AD02 /* Swift01UITests */,
				CEB67518250F97AF0080AD02 /* Products */,
			);
			sourceTree = "<group>";
		};
		CEB67518250F97AF0080AD02 /* Products */ = {
			isa = PBXGroup;
			children = (
				CEB67517250F97AF0080AD02 /* Swift01.app */,
				CEB6752D250F97BB0080AD02 /* Swift01Tests.xctest */,
				CEB67538250F97BB0080AD02 /* Swift01UITests.xctest */,
			);
			name = Products;
			sourceTree = "<group>";
		};
		CEB67519250F97AF0080AD02 /* Swift01 */ = {
			isa = PBXGroup;
			children = (
				CEB6751A250F97AF0080AD02 /* AppDelegate.swift */,
				CEB6751C250F97AF0080AD02 /* SceneDelegate.swift */,
				CEB6751E250F97AF0080AD02 /* ContentView.swift */,
				CEB67520250F97BA0080AD02 /* Assets.xcassets */,
				CEB67525250F97BA0080AD02 /* LaunchScreen.storyboard */,
				CEB67528250F97BA0080AD02 /* Info.plist */,
				CEB67522250F97BA0080AD02 /* Preview Content */,
			);
			path = Swift01;
			sourceTree = "<group>";
		};
		CEB67522250F97BA0080AD02 /* Preview Content */ = {
			isa = PBXGroup;
			children = (
				CEB67523250F97BA0080AD02 /* Preview Assets.xcassets */,
			);
			path = "Preview Content";
			sourceTree = "<group>";
		};
		CEB67530250F97BB0080AD02 /* Swift01Tests */ = {
			isa = PBXGroup;
			children = (
				CEB67531250F97BB0080AD02 /* Swift01Tests.swift */,
				CEB67533250F97BB0080AD02 /* Info.plist */,
			);
			path = Swift01Tests;
			sourceTree = "<group>";
		};
		CEB6753B250F97BB0080AD02 /* Swift01UITests */ = {
			isa = PBXGroup;
			children = (
				CEB6753C250F97BB0080AD02 /* Swift01UITests.swift */,
				CEB6753E250F97BB0080AD02 /* Info.plist */,
			);
			path = Swift01UITests;
			sourceTree = "<group>";
		};
/* End PBXGroup section */

/* Begin PBXNativeTarget section */
		CEB67516250F97AF0080AD02 /* Swift01 */ = {
			isa = PBXNativeTarget;
			buildConfigurationList = CEB67541250F97BB0080AD02 /* Build configuration list for PBXNativeTarget "Swift01" */;
			buildPhases = (
				CEB67513250F97AF0080AD02 /* Sources */,
				CEB67514250F97AF0080AD02 /* Frameworks */,
				CEB67515250F97AF0080AD02 /* Resources */,
			);
			buildRules = (
			);
			dependencies = (
			);
			name = Swift01;
			productName = Swift01;
			productReference = CEB67517250F97AF0080AD02 /* Swift01.app */;
			productType = "com.apple.product-type.application";
		};
		CEB6752C250F97BB0080AD02 /* Swift01Tests */ = {
			isa = PBXNativeTarget;
			buildConfigurationList = CEB67544250F97BB0080AD02 /* Build configuration list for PBXNativeTarget "Swift01Tests" */;
			buildPhases = (
				CEB67529250F97BB0080AD02 /* Sources */,
				CEB6752A250F97BB0080AD02 /* Frameworks */,
				CEB6752B250F97BB0080AD02 /* Resources */,
			);
			buildRules = (
			);
			dependencies = (
				CEB6752F250F97BB0080AD02 /* PBXTargetDependency */,
			);
			name = Swift01Tests;
			productName = Swift01Tests;
			productReference = CEB6752D250F97BB0080AD02 /* Swift01Tests.xctest */;
			productType = "com.apple.product-type.bundle.unit-test";
		};
		CEB67537250F97BB0080AD02 /* Swift01UITests */ = {
			isa = PBXNativeTarget;
			buildConfigurationList = CEB67547250F97BB0080AD02 /* Build configuration list for PBXNativeTarget "Swift01UITests" */;
			buildPhases = (
				CEB67534250F97BB0080AD02 /* Sources */,
				CEB67535250F97BB0080AD02 /* Frameworks */,
				CEB67536250F97BB0080AD02 /* Resources */,
			);
			buildRules = (
			);
			dependencies = (
				CEB6753A250F97BB0080AD02 /* PBXTargetDependency */,
			);
			name = Swift01UITests;
			productName = Swift01UITests;
			productReference = CEB67538250F97BB0080AD02 /* Swift01UITests.xctest */;
			productType = "com.apple.product-type.bundle.ui-testing";
		};
/* End PBXNativeTarget section */

/* Begin PBXProject section */
		CEB6750F250F97AF0080AD02 /* Project object */ = {
			isa = PBXProject;
			attributes = {
				LastSwiftUpdateCheck = 1170;
				LastUpgradeCheck = 1170;
				ORGANIZATIONNAME = SQH;
				TargetAttributes = {
					CEB67516250F97AF0080AD02 = {
						CreatedOnToolsVersion = 11.7;
					};
					CEB6752C250F97BB0080AD02 = {
						CreatedOnToolsVersion = 11.7;
						TestTargetID = CEB67516250F97AF0080AD02;
					};
					CEB67537250F97BB0080AD02 = {
						CreatedOnToolsVersion = 11.7;
						TestTargetID = CEB67516250F97AF0080AD02;
					};
				};
			};
			buildConfigurationList = CEB67512250F97AF0080AD02 /* Build configuration list for PBXProject "Swift01" */;
			compatibilityVersion = "Xcode 9.3";
			developmentRegion = en;
			hasScannedForEncodings = 0;
			knownRegions = (
				en,
				Base,
			);
			mainGroup = CEB6750E250F97AF0080AD02;
			productRefGroup = CEB67518250F97AF0080AD02 /* Products */;
			projectDirPath = "";
			projectRoot = "";
			targets = (
				CEB67516250F97AF0080AD02 /* Swift01 */,
				CEB6752C250F97BB0080AD02 /* Swift01Tests */,
				CEB67537250F97BB0080AD02 /* Swift01UITests */,
			);
		};
/* End PBXProject section */

/* Begin PBXResourcesBuildPhase section */
		CEB67515250F97AF0080AD02 /* Resources */ = {
			isa = PBXResourcesBuildPhase;
			buildActionMask = 2147483647;
			files = (
				CEB67527250F97BA0080AD02 /* LaunchScreen.storyboard in Resources */,
				CEB67524250F97BA0080AD02 /* Preview Assets.xcassets in Resources */,
				CEB67521250F97BA0080AD02 /* Assets.xcassets in Resources */,
			);
			runOnlyForDeploymentPostprocessing = 0;
		};
		CEB6752B250F97BB0080AD02 /* Resources */ = {
			isa = PBXResourcesBuildPhase;
			buildActionMask = 2147483647;
			files = (
			);
			runOnlyForDeploymentPostprocessing = 0;
		};
		CEB67536250F97BB0080AD02 /* Resources */ = {
			isa = PBXResourcesBuildPhase;
			buildActionMask = 2147483647;
			files = (
			);
			runOnlyForDeploymentPostprocessing = 0;
		};
/* End PBXResourcesBuildPhase section */

/* Begin PBXSourcesBuildPhase section */
		CEB67513250F97AF0080AD02 /* Sources */ = {
			isa = PBXSourcesBuildPhase;
			buildActionMask = 2147483647;
			files = (
				CEB6751B250F97AF0080AD02 /* AppDelegate.swift in Sources */,
				CEB6751D250F97AF0080AD02 /* SceneDelegate.swift in Sources */,
				CEB6751F250F97AF0080AD02 /* ContentView.swift in Sources */,
			);
			runOnlyForDeploymentPostprocessing = 0;
		};
		CEB67529250F97BB0080AD02 /* Sources */ = {
			isa = PBXSourcesBuildPhase;
			buildActionMask = 2147483647;
			files = (
				CEB67532250F97BB0080AD02 /* Swift01Tests.swift in Sources */,
			);
			runOnlyForDeploymentPostprocessing = 0;
		};
		CEB67534250F97BB0080AD02 /* Sources */ = {
			isa = PBXSourcesBuildPhase;
			buildActionMask = 2147483647;
			files = (
				CEB6753D250F97BB0080AD02 /* Swift01UITests.swift in Sources */,
			);
			runOnlyForDeploymentPostprocessing = 0;
		};
/* End PBXSourcesBuildPhase section */

/* Begin PBXTargetDependency section */
		CEB6752F250F97BB0080AD02 /* PBXTargetDependency */ = {
			isa = PBXTargetDependency;
			target = CEB67516250F97AF0080AD02 /* Swift01 */;
			targetProxy = CEB6752E250F97BB0080AD02 /* PBXContainerItemProxy */;
		};
		CEB6753A250F97BB0080AD02 /* PBXTargetDependency */ = {
			isa = PBXTargetDependency;
			target = CEB67516250F97AF0080AD02 /* Swift01 */;
			targetProxy = CEB67539250F97BB0080AD02 /* PBXContainerItemProxy */;
		};
/* End PBXTargetDependency section */

/* Begin PBXVariantGroup section */
		CEB67525250F97BA0080AD02 /* LaunchScreen.storyboard */ = {
			isa = PBXVariantGroup;
			children = (
				CEB67526250F97BA0080AD02 /* Base */,
			);
			name = LaunchScreen.storyboard;
			sourceTree = "<group>";
		};
/* End PBXVariantGroup section */

/* Begin XCBuildConfiguration section */
		CEB6753F250F97BB0080AD02 /* Debug */ = {
			isa = XCBuildConfiguration;
			buildSettings = {
				ALWAYS_SEARCH_USER_PATHS = NO;
				CLANG_ANALYZER_NONNULL = YES;
				CLANG_ANALYZER_NUMBER_OBJECT_CONVERSION = YES_AGGRESSIVE;
				CLANG_CXX_LANGUAGE_STANDARD = "gnu++14";
				CLANG_CXX_LIBRARY = "libc++";
				CLANG_ENABLE_MODULES = YES;
				CLANG_ENABLE_OBJC_ARC = YES;
				CLANG_ENABLE_OBJC_WEAK = YES;
				CLANG_WARN_BLOCK_CAPTURE_AUTORELEASING = YES;
				CLANG_WARN_BOOL_CONVERSION = YES;
				CLANG_WARN_COMMA = YES;
				CLANG_WARN_CONSTANT_CONVERSION = YES;
				CLANG_WARN_DEPRECATED_OBJC_IMPLEMENTATIONS = YES;
				CLANG_WARN_DIRECT_OBJC_ISA_USAGE = YES_ERROR;
				CLANG_WARN_DOCUMENTATION_COMMENTS = YES;
				CLANG_WARN_EMPTY_BODY = YES;
				CLANG_WARN_ENUM_CONVERSION = YES;
				CLANG_WARN_INFINITE_RECURSION = YES;
				CLANG_WARN_INT_CONVERSION = YES;
				CLANG_WARN_NON_LITERAL_NULL_CONVERSION = YES;
				CLANG_WARN_OBJC_IMPLICIT_RETAIN_SELF = YES;
				CLANG_WARN_OBJC_LITERAL_CONVERSION = YES;
				CLANG_WARN_OBJC_ROOT_CLASS = YES_ERROR;
				CLANG_WARN_RANGE_LOOP_ANALYSIS = YES;
				CLANG_WARN_STRICT_PROTOTYPES = YES;
				CLANG_WARN_SUSPICIOUS_MOVE = YES;
				CLANG_WARN_UNGUARDED_AVAILABILITY = YES_AGGRESSIVE;
				CLANG_WARN_UNREACHABLE_CODE = YES;
				CLANG_WARN__DUPLICATE_METHOD_MATCH = YES;
				COPY_PHASE_STRIP = NO;
				DEBUG_INFORMATION_FORMAT = dwarf;
				ENABLE_STRICT_OBJC_MSGSEND = YES;
				ENABLE_TESTABILITY = YES;
				GCC_C_LANGUAGE_STANDARD = gnu11;
				GCC_DYNAMIC_NO_PIC = NO;
				GCC_NO_COMMON_BLOCKS = YES;
				GCC_OPTIMIZATION_LEVEL = 0;
				GCC_PREPROCESSOR_DEFINITIONS = (
					"DEBUG=1",
					"$(inherited)",
				);
				GCC_WARN_64_TO_32_BIT_CONVERSION = YES;
				GCC_WARN_ABOUT_RETURN_TYPE = YES_ERROR;
				GCC_WARN_UNDECLARED_SELECTOR = YES;
				GCC_WARN_UNINITIALIZED_AUTOS = YES_AGGRESSIVE;
				GCC_WARN_UNUSED_FUNCTION = YES;
				GCC_WARN_UNUSED_VARIABLE = YES;
				IPHONEOS_DEPLOYMENT_TARGET = 13.7;
				MTL_ENABLE_DEBUG_INFO = INCLUDE_SOURCE;
				MTL_FAST_MATH = YES;
				ONLY_ACTIVE_ARCH = YES;
				SDKROOT = iphoneos;
				SWIFT_ACTIVE_COMPILATION_CONDITIONS = DEBUG;
				SWIFT_OPTIMIZATION_LEVEL = "-Onone";
			};
			name = Debug;
		};
		CEB67540250F97BB0080AD02 /* Release */ = {
			isa = XCBuildConfiguration;
			buildSettings = {
				ALWAYS_SEARCH_USER_PATHS = NO;
				CLANG_ANALYZER_NONNULL = YES;
				CLANG_ANALYZER_NUMBER_OBJECT_CONVERSION = YES_AGGRESSIVE;
				CLANG_CXX_LANGUAGE_STANDARD = "gnu++14";
				CLANG_CXX_LIBRARY = "libc++";
				CLANG_ENABLE_MODULES = YES;
				CLANG_ENABLE_OBJC_ARC = YES;
				CLANG_ENABLE_OBJC_WEAK = YES;
				CLANG_WARN_BLOCK_CAPTURE_AUTORELEASING = YES;
				CLANG_WARN_BOOL_CONVERSION = YES;
				CLANG_WARN_COMMA = YES;
				CLANG_WARN_CONSTANT_CONVERSION = YES;
				CLANG_WARN_DEPRECATED_OBJC_IMPLEMENTATIONS = YES;
				CLANG_WARN_DIRECT_OBJC_ISA_USAGE = YES_ERROR;
				CLANG_WARN_DOCUMENTATION_COMMENTS = YES;
				CLANG_WARN_EMPTY_BODY = YES;
				CLANG_WARN_ENUM_CONVERSION = YES;
				CLANG_WARN_INFINITE_RECURSION = YES;
				CLANG_WARN_INT_CONVERSION = YES;
				CLANG_WARN_NON_LITERAL_NULL_CONVERSION = YES;
				CLANG_WARN_OBJC_IMPLICIT_RETAIN_SELF = YES;
				CLANG_WARN_OBJC_LITERAL_CONVERSION = YES;
				CLANG_WARN_OBJC_ROOT_CLASS = YES_ERROR;
				CLANG_WARN_RANGE_LOOP_ANALYSIS = YES;
				CLANG_WARN_STRICT_PROTOTYPES = YES;
				CLANG_WARN_SUSPICIOUS_MOVE = YES;
				CLANG_WARN_UNGUARDED_AVAILABILITY = YES_AGGRESSIVE;
				CLANG_WARN_UNREACHABLE_CODE = YES;
				CLANG_WARN__DUPLICATE_METHOD_MATCH = YES;
				COPY_PHASE_STRIP = NO;
				DEBUG_INFORMATION_FORMAT = "dwarf-with-dsym";
				ENABLE_NS_ASSERTIONS = NO;
				ENABLE_STRICT_OBJC_MSGSEND = YES;
				GCC_C_LANGUAGE_STANDARD = gnu11;
				GCC_NO_COMMON_BLOCKS = YES;
				GCC_WARN_64_TO_32_BIT_CONVERSION = YES;
				GCC_WARN_ABOUT_RETURN_TYPE = YES_ERROR;
				GCC_WARN_UNDECLARED_SELECTOR = YES;
				GCC_WARN_UNINITIALIZED_AUTOS = YES_AGGRESSIVE;
				GCC_WARN_UNUSED_FUNCTION = YES;
				GCC_WARN_UNUSED_VARIABLE = YES;
				IPHONEOS_DEPLOYMENT_TARGET = 13.7;
				MTL_ENABLE_DEBUG_INFO = NO;
				MTL_FAST_MATH = YES;
				SDKROOT = iphoneos;
				SWIFT_COMPILATION_MODE = wholemodule;
				SWIFT_OPTIMIZATION_LEVEL = "-O";
				VALIDATE_PRODUCT = YES;
			};
			name = Release;
		};
		CEB67542250F97BB0080AD02 /* Debug */ = {
			isa = XCBuildConfiguration;
			buildSettings = {
				ASSETCATALOG_COMPILER_APPICON_NAME = AppIcon;
				CODE_SIGN_STYLE = Automatic;
				DEVELOPMENT_ASSET_PATHS = "\"Swift01/Preview Content\"";
				ENABLE_PREVIEWS = YES;
				INFOPLIST_FILE = Swift01/Info.plist;
				LD_RUNPATH_SEARCH_PATHS = (
					"$(inherited)",
					"@executable_path/Frameworks",
				);
				PRODUCT_BUNDLE_IDENTIFIER = sqh.Swift01;
				PRODUCT_NAME = "$(TARGET_NAME)";
				SWIFT_VERSION = 5.0;
				TARGETED_DEVICE_FAMILY = "1,2";
			};
			name = Debug;
		};
		CEB67543250F97BB0080AD02 /* Release */ = {
			isa = XCBuildConfiguration;
			buildSettings = {
				ASSETCATALOG_COMPILER_APPICON_NAME = AppIcon;
				CODE_SIGN_STYLE = Automatic;
				DEVELOPMENT_ASSET_PATHS = "\"Swift01/Preview Content\"";
				ENABLE_PREVIEWS = YES;
				INFOPLIST_FILE = Swift01/Info.plist;
				LD_RUNPATH_SEARCH_PATHS = (
					"$(inherited)",
					"@executable_path/Frameworks",
				);
				PRODUCT_BUNDLE_IDENTIFIER = sqh.Swift01;
				PRODUCT_NAME = "$(TARGET_NAME)";
				SWIFT_VERSION = 5.0;
				TARGETED_DEVICE_FAMILY = "1,2";
			};
			name = Release;
		};
		CEB67545250F97BB0080AD02 /* Debug */ = {
			isa = XCBuildConfiguration;
			buildSettings = {
				ALWAYS_EMBED_SWIFT_STANDARD_LIBRARIES = YES;
				BUNDLE_LOADER = "$(TEST_HOST)";
				CODE_SIGN_STYLE = Automatic;
				INFOPLIST_FILE = Swift01Tests/Info.plist;
				IPHONEOS_DEPLOYMENT_TARGET = 13.7;
				LD_RUNPATH_SEARCH_PATHS = (
					"$(inherited)",
					"@executable_path/Frameworks",
					"@loader_path/Frameworks",
				);
				PRODUCT_BUNDLE_IDENTIFIER = sqh.Swift01Tests;
				PRODUCT_NAME = "$(TARGET_NAME)";
				SWIFT_VERSION = 5.0;
				TARGETED_DEVICE_FAMILY = "1,2";
				TEST_HOST = "$(BUILT_PRODUCTS_DIR)/Swift01.app/Swift01";
			};
			name = Debug;
		};
		CEB67546250F97BB0080AD02 /* Release */ = {
			isa = XCBuildConfiguration;
			buildSettings = {
				ALWAYS_EMBED_SWIFT_STANDARD_LIBRARIES = YES;
				BUNDLE_LOADER = "$(TEST_HOST)";
				CODE_SIGN_STYLE = Automatic;
				INFOPLIST_FILE = Swift01Tests/Info.plist;
				IPHONEOS_DEPLOYMENT_TARGET = 13.7;
				LD_RUNPATH_SEARCH_PATHS = (
					"$(inherited)",
					"@executable_path/Frameworks",
					"@loader_path/Frameworks",
				);
				PRODUCT_BUNDLE_IDENTIFIER = sqh.Swift01Tests;
				PRODUCT_NAME = "$(TARGET_NAME)";
				SWIFT_VERSION = 5.0;
				TARGETED_DEVICE_FAMILY = "1,2";
				TEST_HOST = "$(BUILT_PRODUCTS_DIR)/Swift01.app/Swift01";
			};
			name = Release;
		};
		CEB67548250F97BB0080AD02 /* Debug */ = {
			isa = XCBuildConfiguration;
			buildSettings = {
				ALWAYS_EMBED_SWIFT_STANDARD_LIBRARIES = YES;
				CODE_SIGN_STYLE = Automatic;
				INFOPLIST_FILE = Swift01UITests/Info.plist;
				LD_RUNPATH_SEARCH_PATHS = (
					"$(inherited)",
					"@executable_path/Frameworks",
					"@loader_path/Frameworks",
				);
				PRODUCT_BUNDLE_IDENTIFIER = sqh.Swift01UITests;
				PRODUCT_NAME = "$(TARGET_NAME)";
				SWIFT_VERSION = 5.0;
				TARGETED_DEVICE_FAMILY = "1,2";
				TEST_TARGET_NAME = Swift01;
			};
			name = Debug;
		};
		CEB67549250F97BB0080AD02 /* Release */ = {
			isa = XCBuildConfiguration;
			buildSettings = {
				ALWAYS_EMBED_SWIFT_STANDARD_LIBRARIES = YES;
				CODE_SIGN_STYLE = Automatic;
				INFOPLIST_FILE = Swift01UITests/Info.plist;
				LD_RUNPATH_SEARCH_PATHS = (
					"$(inherited)",
					"@executable_path/Frameworks",
					"@loader_path/Frameworks",
				);
				PRODUCT_BUNDLE_IDENTIFIER = sqh.Swift01UITests;
				PRODUCT_NAME = "$(TARGET_NAME)";
				SWIFT_VERSION = 5.0;
				TARGETED_DEVICE_FAMILY = "1,2";
				TEST_TARGET_NAME = Swift01;
			};
			name = Release;
		};
/* End XCBuildConfiguration section */

/* Begin XCConfigurationList section */
		CEB67512250F97AF0080AD02 /* Build configuration list for PBXProject "Swift01" */ = {
			isa = XCConfigurationList;
			buildConfigurations = (
				CEB6753F250F97BB0080AD02 /* Debug */,
				CEB67540250F97BB0080AD02 /* Release */,
			);
			defaultConfigurationIsVisible = 0;
			defaultConfigurationName = Release;
		};
		CEB67541250F97BB0080AD02 /* Build configuration list for PBXNativeTarget "Swift01" */ = {
			isa = XCConfigurationList;
			buildConfigurations = (
				CEB67542250F97BB0080AD02 /* Debug */,
				CEB67543250F97BB0080AD02 /* Release */,
			);
			defaultConfigurationIsVisible = 0;
			defaultConfigurationName = Release;
		};
		CEB67544250F97BB0080AD02 /* Build configuration list for PBXNativeTarget "Swift01Tests" */ = {
			isa = XCConfigurationList;
			buildConfigurations = (
				CEB67545250F97BB0080AD02 /* Debug */,
				CEB67546250F97BB0080AD02 /* Release */,
			);
			defaultConfigurationIsVisible = 0;
			defaultConfigurationName = Release;
		};
		CEB67547250F97BB0080AD02 /* Build configuration list for PBXNativeTarget "Swift01UITests" */ = {
			isa = XCConfigurationList;
			buildConfigurations = (
				CEB67548250F97BB0080AD02 /* Debug */,
				CEB67549250F97BB0080AD02 /* Release */,
			);
			defaultConfigurationIsVisible = 0;
			defaultConfigurationName = Release;
		};
/* End XCConfigurationList section */
	};
	rootObject = CEB6750F250F97AF0080AD02 /* Project object */;
}
